
Microsoft Visual Studio Solution File, Format Version 12.00
# Visual Studio Version 17
VisualStudioVersion = 17.1.32328.378
MinimumVisualStudioVersion = 10.0.40219.1
Project("{9A19103F-16F7-4668-BE54-9A1E7A4F7556}") = "Hospital.Core", "Hospital\src\Hospital.Core\Hospital.Core.csproj", "{3C5628FB-5522-4E2D-A376-270B63D32213}"
EndProject
Project("{9A19103F-16F7-4668-BE54-9A1E7A4F7556}") = "Hospital.Infrastructure", "Hospital\src\Hospital.Infrastructure\Hospital.Infrastructure.csproj", "{8FAE08E5-2040-4466-AB8E-3FDE28CB82AE}"
EndProject
Project("{9A19103F-16F7-4668-BE54-9A1E7A4F7556}") = "Hospital.SharedKernel", "Hospital\src\Hospital.SharedKernel\Hospital.SharedKernel.csproj", "{6893DAEF-9F3A-4628-9928-FB4D70875FC0}"
EndProject
Project("{9A19103F-16F7-4668-BE54-9A1E7A4F7556}") = "Hospital.Web", "Hospital\src\Hospital.Web\Hospital.Web.csproj", "{1A120590-BA06-41BA-9D1F-88BFAAEC80F3}"
EndProject
Project("{9A19103F-16F7-4668-BE54-9A1E7A4F7556}") = "Hospital.FunctionalTests", "Hospital\tests\Hospital.FunctionalTests\Hospital.FunctionalTests.csproj", "{285A9CB6-28A9-4885-A4CF-173514212357}"
EndProject
Project("{9A19103F-16F7-4668-BE54-9A1E7A4F7556}") = "Hospital.IntegrationTests", "Hospital\tests\Hospital.IntegrationTests\Hospital.IntegrationTests.csproj", "{D3595B6A-606D-4FBA-BCFE-4927261FF9ED}"
EndProject
Project("{9A19103F-16F7-4668-BE54-9A1E7A4F7556}") = "Hospital.UnitTests", "Hospital\tests\Hospital.UnitTests\Hospital.UnitTests.csproj", "{A63843C2-A5DA-4D6F-A1E2-B7E2EE9863BC}"
EndProject
Project("{2150E333-8FDC-42A3-9474-1A3956D46DE8}") = "Management", "Management", "{75A8F249-21B4-45A9-A158-01DB4B328497}"
EndProject
Project("{9A19103F-16F7-4668-BE54-9A1E7A4F7556}") = "PatientManagement.Core", "PatientManagment\PatientManagement.Core.csproj", "{7AD27031-309E-43E8-A38F-B40782953BF5}"
EndProject
Project("{9A19103F-16F7-4668-BE54-9A1E7A4F7556}") = "PatientManagement.Data", "PatientManagment.Data\PatientManagement.Data.csproj", "{5409C30F-C209-4800-88BB-ECF07AE4DBC4}"
EndProject
Project("{9A19103F-16F7-4668-BE54-9A1E7A4F7556}") = "PatientManagement.IntegrationTests", "PatientManagment.IntegrationTests\PatientManagement.IntegrationTests.csproj", "{04479D0D-DF9F-4B25-94C8-37751223423D}"
EndProject
Project("{9A19103F-16F7-4668-BE54-9A1E7A4F7556}") = "PatientManagement.UnitTests", "PatientManagment.UnitTests\PatientManagement.UnitTests.csproj", "{55B1402A-5790-4D4E-A0FF-B8F83008D9B0}"
EndProject
Project("{2150E333-8FDC-42A3-9474-1A3956D46DE8}") = "Scheduler", "Scheduler", "{656E0A7A-C29C-4B01-8EB3-519C1C56D819}"
EndProject
Project("{9A19103F-16F7-4668-BE54-9A1E7A4F7556}") = "Scheduler.Core", "Scheduler.Core\Scheduler.Core.csproj", "{9D629C6C-C211-4356-8FCE-60BE4DF2F18D}"
EndProject
Project("{9A19103F-16F7-4668-BE54-9A1E7A4F7556}") = "Scheduler.Data", "Scheduler.Data\Scheduler.Data.csproj", "{9BD816C9-EC59-4603-AD79-9C3E5FB2DAD3}"
EndProject
Project("{9A19103F-16F7-4668-BE54-9A1E7A4F7556}") = "Scheduler.UnitTests", "Scheduler.UnitTests\Scheduler.UnitTests.csproj", "{B6971420-C7EE-44B7-9CA8-D84801909AD6}"
EndProject
Project("{9A19103F-16F7-4668-BE54-9A1E7A4F7556}") = "Scheduler.IntegrationTests", "Scheduler.IntegrationTests\Scheduler.IntegrationTests.csproj", "{7F7DB6A8-F434-463E-AAE6-3A2CEE93508C}"
EndProject
Global
	GlobalSection(SolutionConfigurationPlatforms) = preSolution
		Debug|Any CPU = Debug|Any CPU
		Release|Any CPU = Release|Any CPU
	EndGlobalSection
	GlobalSection(ProjectConfigurationPlatforms) = postSolution
		{3C5628FB-5522-4E2D-A376-270B63D32213}.Debug|Any CPU.ActiveCfg = Debug|Any CPU
		{3C5628FB-5522-4E2D-A376-270B63D32213}.Debug|Any CPU.Build.0 = Debug|Any CPU
		{3C5628FB-5522-4E2D-A376-270B63D32213}.Release|Any CPU.ActiveCfg = Release|Any CPU
		{3C5628FB-5522-4E2D-A376-270B63D32213}.Release|Any CPU.Build.0 = Release|Any CPU
		{8FAE08E5-2040-4466-AB8E-3FDE28CB82AE}.Debug|Any CPU.ActiveCfg = Debug|Any CPU
		{8FAE08E5-2040-4466-AB8E-3FDE28CB82AE}.Debug|Any CPU.Build.0 = Debug|Any CPU
		{8FAE08E5-2040-4466-AB8E-3FDE28CB82AE}.Release|Any CPU.ActiveCfg = Release|Any CPU
		{8FAE08E5-2040-4466-AB8E-3FDE28CB82AE}.Release|Any CPU.Build.0 = Release|Any CPU
		{6893DAEF-9F3A-4628-9928-FB4D70875FC0}.Debug|Any CPU.ActiveCfg = Debug|Any CPU
		{6893DAEF-9F3A-4628-9928-FB4D70875FC0}.Debug|Any CPU.Build.0 = Debug|Any CPU
		{6893DAEF-9F3A-4628-9928-FB4D70875FC0}.Release|Any CPU.ActiveCfg = Release|Any CPU
		{6893DAEF-9F3A-4628-9928-FB4D70875FC0}.Release|Any CPU.Build.0 = Release|Any CPU
		{1A120590-BA06-41BA-9D1F-88BFAAEC80F3}.Debug|Any CPU.ActiveCfg = Debug|Any CPU
		{1A120590-BA06-41BA-9D1F-88BFAAEC80F3}.Debug|Any CPU.Build.0 = Debug|Any CPU
		{1A120590-BA06-41BA-9D1F-88BFAAEC80F3}.Release|Any CPU.ActiveCfg = Release|Any CPU
		{1A120590-BA06-41BA-9D1F-88BFAAEC80F3}.Release|Any CPU.Build.0 = Release|Any CPU
		{285A9CB6-28A9-4885-A4CF-173514212357}.Debug|Any CPU.ActiveCfg = Debug|Any CPU
		{285A9CB6-28A9-4885-A4CF-173514212357}.Debug|Any CPU.Build.0 = Debug|Any CPU
		{285A9CB6-28A9-4885-A4CF-173514212357}.Release|Any CPU.ActiveCfg = Release|Any CPU
		{285A9CB6-28A9-4885-A4CF-173514212357}.Release|Any CPU.Build.0 = Release|Any CPU
		{D3595B6A-606D-4FBA-BCFE-4927261FF9ED}.Debug|Any CPU.ActiveCfg = Debug|Any CPU
		{D3595B6A-606D-4FBA-BCFE-4927261FF9ED}.Debug|Any CPU.Build.0 = Debug|Any CPU
		{D3595B6A-606D-4FBA-BCFE-4927261FF9ED}.Release|Any CPU.ActiveCfg = Release|Any CPU
		{D3595B6A-606D-4FBA-BCFE-4927261FF9ED}.Release|Any CPU.Build.0 = Release|Any CPU
		{A63843C2-A5DA-4D6F-A1E2-B7E2EE9863BC}.Debug|Any CPU.ActiveCfg = Debug|Any CPU
		{A63843C2-A5DA-4D6F-A1E2-B7E2EE9863BC}.Debug|Any CPU.Build.0 = Debug|Any CPU
		{A63843C2-A5DA-4D6F-A1E2-B7E2EE9863BC}.Release|Any CPU.ActiveCfg = Release|Any CPU
		{A63843C2-A5DA-4D6F-A1E2-B7E2EE9863BC}.Release|Any CPU.Build.0 = Release|Any CPU
		{7AD27031-309E-43E8-A38F-B40782953BF5}.Debug|Any CPU.ActiveCfg = Debug|Any CPU
		{7AD27031-309E-43E8-A38F-B40782953BF5}.Debug|Any CPU.Build.0 = Debug|Any CPU
		{7AD27031-309E-43E8-A38F-B40782953BF5}.Release|Any CPU.ActiveCfg = Release|Any CPU
		{7AD27031-309E-43E8-A38F-B40782953BF5}.Release|Any CPU.Build.0 = Release|Any CPU
		{5409C30F-C209-4800-88BB-ECF07AE4DBC4}.Debug|Any CPU.ActiveCfg = Debug|Any CPU
		{5409C30F-C209-4800-88BB-ECF07AE4DBC4}.Debug|Any CPU.Build.0 = Debug|Any CPU
		{5409C30F-C209-4800-88BB-ECF07AE4DBC4}.Release|Any CPU.ActiveCfg = Release|Any CPU
		{5409C30F-C209-4800-88BB-ECF07AE4DBC4}.Release|Any CPU.Build.0 = Release|Any CPU
		{04479D0D-DF9F-4B25-94C8-37751223423D}.Debug|Any CPU.ActiveCfg = Debug|Any CPU
		{04479D0D-DF9F-4B25-94C8-37751223423D}.Debug|Any CPU.Build.0 = Debug|Any CPU
		{04479D0D-DF9F-4B25-94C8-37751223423D}.Release|Any CPU.ActiveCfg = Release|Any CPU
		{04479D0D-DF9F-4B25-94C8-37751223423D}.Release|Any CPU.Build.0 = Release|Any CPU
		{55B1402A-5790-4D4E-A0FF-B8F83008D9B0}.Debug|Any CPU.ActiveCfg = Debug|Any CPU
		{55B1402A-5790-4D4E-A0FF-B8F83008D9B0}.Debug|Any CPU.Build.0 = Debug|Any CPU
		{55B1402A-5790-4D4E-A0FF-B8F83008D9B0}.Release|Any CPU.ActiveCfg = Release|Any CPU
		{55B1402A-5790-4D4E-A0FF-B8F83008D9B0}.Release|Any CPU.Build.0 = Release|Any CPU
		{9D629C6C-C211-4356-8FCE-60BE4DF2F18D}.Debug|Any CPU.ActiveCfg = Debug|Any CPU
		{9D629C6C-C211-4356-8FCE-60BE4DF2F18D}.Debug|Any CPU.Build.0 = Debug|Any CPU
		{9D629C6C-C211-4356-8FCE-60BE4DF2F18D}.Release|Any CPU.ActiveCfg = Release|Any CPU
		{9D629C6C-C211-4356-8FCE-60BE4DF2F18D}.Release|Any CPU.Build.0 = Release|Any CPU
		{9BD816C9-EC59-4603-AD79-9C3E5FB2DAD3}.Debug|Any CPU.ActiveCfg = Debug|Any CPU
		{9BD816C9-EC59-4603-AD79-9C3E5FB2DAD3}.Debug|Any CPU.Build.0 = Debug|Any CPU
		{9BD816C9-EC59-4603-AD79-9C3E5FB2DAD3}.Release|Any CPU.ActiveCfg = Release|Any CPU
		{9BD816C9-EC59-4603-AD79-9C3E5FB2DAD3}.Release|Any CPU.Build.0 = Release|Any CPU
		{B6971420-C7EE-44B7-9CA8-D84801909AD6}.Debug|Any CPU.ActiveCfg = Debug|Any CPU
		{B6971420-C7EE-44B7-9CA8-D84801909AD6}.Debug|Any CPU.Build.0 = Debug|Any CPU
		{B6971420-C7EE-44B7-9CA8-D84801909AD6}.Release|Any CPU.ActiveCfg = Release|Any CPU
		{B6971420-C7EE-44B7-9CA8-D84801909AD6}.Release|Any CPU.Build.0 = Release|Any CPU
		{7F7DB6A8-F434-463E-AAE6-3A2CEE93508C}.Debug|Any CPU.ActiveCfg = Debug|Any CPU
		{7F7DB6A8-F434-463E-AAE6-3A2CEE93508C}.Debug|Any CPU.Build.0 = Debug|Any CPU
		{7F7DB6A8-F434-463E-AAE6-3A2CEE93508C}.Release|Any CPU.ActiveCfg = Release|Any CPU
		{7F7DB6A8-F434-463E-AAE6-3A2CEE93508C}.Release|Any CPU.Build.0 = Release|Any CPU
	EndGlobalSection
	GlobalSection(SolutionProperties) = preSolution
		HideSolutionNode = FALSE
	EndGlobalSection
	GlobalSection(NestedProjects) = preSolution
		{7AD27031-309E-43E8-A38F-B40782953BF5} = {75A8F249-21B4-45A9-A158-01DB4B328497}
		{5409C30F-C209-4800-88BB-ECF07AE4DBC4} = {75A8F249-21B4-45A9-A158-01DB4B328497}
		{04479D0D-DF9F-4B25-94C8-37751223423D} = {75A8F249-21B4-45A9-A158-01DB4B328497}
		{55B1402A-5790-4D4E-A0FF-B8F83008D9B0} = {75A8F249-21B4-45A9-A158-01DB4B328497}
		{9D629C6C-C211-4356-8FCE-60BE4DF2F18D} = {656E0A7A-C29C-4B01-8EB3-519C1C56D819}
		{9BD816C9-EC59-4603-AD79-9C3E5FB2DAD3} = {656E0A7A-C29C-4B01-8EB3-519C1C56D819}
		{B6971420-C7EE-44B7-9CA8-D84801909AD6} = {656E0A7A-C29C-4B01-8EB3-519C1C56D819}
		{7F7DB6A8-F434-463E-AAE6-3A2CEE93508C} = {656E0A7A-C29C-4B01-8EB3-519C1C56D819}
	EndGlobalSection
	GlobalSection(ExtensibilityGlobals) = postSolution
		SolutionGuid = {9949BA29-0740-4123-8F69-5BF0F910CA2A}
	EndGlobalSection
EndGlobal
