
Microsoft Visual Studio Solution File, Format Version 12.00
# Visual Studio Version 17
VisualStudioVersion = 17.1.32328.378
MinimumVisualStudioVersion = 10.0.40219.1
Project("{9A19103F-16F7-4668-BE54-9A1E7A4F7556}") = "Hospital.Core", "Hospital\src\Hospital.Core\Hospital.Core.csproj", "{3C5628FB-5522-4E2D-A376-270B63D32213}"
EndProject
Project("{9A19103F-16F7-4668-BE54-9A1E7A4F7556}") = "Hospital.Infrastructure", "Hospital\src\Hospital.Infrastructure\Hospital.Infrastructure.csproj", "{8FAE08E5-2040-4466-AB8E-3FDE28CB82AE}"
EndProject
Project("{9A19103F-16F7-4668-BE54-9A1E7A4F7556}") = "Hospital.SharedKernel", "Hospital\src\Hospital.SharedKernel\Hospital.SharedKernel.csproj", "{6893DAEF-9F3A-4628-9928-FB4D70875FC0}"
EndProject
Project("{9A19103F-16F7-4668-BE54-9A1E7A4F7556}") = "Hospital.Web", "Hospital\src\Hospital.Web\Hospital.Web.csproj", "{1A120590-BA06-41BA-9D1F-88BFAAEC80F3}"
EndProject
Project("{9A19103F-16F7-4668-BE54-9A1E7A4F7556}") = "Hospital.FunctionalTests", "Hospital\tests\Hospital.FunctionalTests\Hospital.FunctionalTests.csproj", "{285A9CB6-28A9-4885-A4CF-173514212357}"
EndProject
Project("{9A19103F-16F7-4668-BE54-9A1E7A4F7556}") = "Hospital.IntegrationTests", "Hospital\tests\Hospital.IntegrationTests\Hospital.IntegrationTests.csproj", "{D3595B6A-606D-4FBA-BCFE-4927261FF9ED}"
EndProject
Project("{9A19103F-16F7-4668-BE54-9A1E7A4F7556}") = "Hospital.UnitTests", "Hospital\tests\Hospital.UnitTests\Hospital.UnitTests.csproj", "{A63843C2-A5DA-4D6F-A1E2-B7E2EE9863BC}"
EndProject
Project("{2150E333-8FDC-42A3-9474-1A3956D46DE8}") = "Management", "Management", "{75A8F249-21B4-45A9-A158-01DB4B328497}"
EndProject
Project("{9A19103F-16F7-4668-BE54-9A1E7A4F7556}") = "PatientManagement.Core", "PatientManagment\PatientManagement.Core.csproj", "{7AD27031-309E-43E8-A38F-B40782953BF5}"
EndProject
Project("{9A19103F-16F7-4668-BE54-9A1E7A4F7556}") = "PatientManagement.Data", "PatientManagment.Data\PatientManagement.Data.csproj", "{5409C30F-C209-4800-88BB-ECF07AE4DBC4}"
EndProject
Project("{9A19103F-16F7-4668-BE54-9A1E7A4F7556}") = "PatientManagement.IntegrationTests", "PatientManagment.IntegrationTests\PatientManagement.IntegrationTests.csproj", "{04479D0D-DF9F-4B25-94C8-37751223423D}"
EndProject
Project("{9A19103F-16F7-4668-BE54-9A1E7A4F7556}") = "PatientManagement.UnitTests", "PatientManagment.UnitTests\PatientManagement.UnitTests.csproj", "{55B1402A-5790-4D4E-A0FF-B8F83008D9B0}"
EndProject
Project("{2150E333-8FDC-42A3-9474-1A3956D46DE8}") = "ScheduleAppointment", "ScheduleAppointment", "{C4E3F144-A5B2-4750-8666-1B92DD7F9904}"
EndProject
Project("{9A19103F-16F7-4668-BE54-9A1E7A4F7556}") = "ScheduleAppointment.Core", "ScheduleAppointment.Core\ScheduleAppointment.Core.csproj", "{6B9522BE-01CA-429A-AA2A-294BEFB5A86B}"
EndProject
Project("{9A19103F-16F7-4668-BE54-9A1E7A4F7556}") = "ScheduleAppointment.Data", "ScheduleAppointment.Data\ScheduleAppointment.Data.csproj", "{BDEABBD4-EDEA-4B9E-8653-4EF84B0B84AD}"
EndProject
Project("{9A19103F-16F7-4668-BE54-9A1E7A4F7556}") = "ScheduleAppointment.IntegrationTests", "ScheduleAppointment.IntegrationTests\ScheduleAppointment.IntegrationTests.csproj", "{8DDFDB87-FF20-47AF-968E-0C07D2B55C78}"
EndProject
Project("{9A19103F-16F7-4668-BE54-9A1E7A4F7556}") = "ScheduleAppointment.UnitTests", "ScheduleAppointment.UnitTests\ScheduleAppointment.UnitTests.csproj", "{2E40CAAB-25B0-4B84-8B50-C1706BFF52E3}"
EndProject
Project("{54A90642-561A-4BB1-A94E-469ADEE60C69}") = "HospitalNG", "HospitalNG\HospitalNG.esproj", "{7DD53599-E971-473D-A75B-5D7FCD10F03B}"
EndProject
Global
	GlobalSection(SolutionConfigurationPlatforms) = preSolution
		Debug|Any CPU = Debug|Any CPU
		Release|Any CPU = Release|Any CPU
	EndGlobalSection
	GlobalSection(ProjectConfigurationPlatforms) = postSolution
		{3C5628FB-5522-4E2D-A376-270B63D32213}.Debug|Any CPU.ActiveCfg = Debug|Any CPU
		{3C5628FB-5522-4E2D-A376-270B63D32213}.Debug|Any CPU.Build.0 = Debug|Any CPU
		{3C5628FB-5522-4E2D-A376-270B63D32213}.Release|Any CPU.ActiveCfg = Release|Any CPU
		{3C5628FB-5522-4E2D-A376-270B63D32213}.Release|Any CPU.Build.0 = Release|Any CPU
		{8FAE08E5-2040-4466-AB8E-3FDE28CB82AE}.Debug|Any CPU.ActiveCfg = Debug|Any CPU
		{8FAE08E5-2040-4466-AB8E-3FDE28CB82AE}.Debug|Any CPU.Build.0 = Debug|Any CPU
		{8FAE08E5-2040-4466-AB8E-3FDE28CB82AE}.Release|Any CPU.ActiveCfg = Release|Any CPU
		{8FAE08E5-2040-4466-AB8E-3FDE28CB82AE}.Release|Any CPU.Build.0 = Release|Any CPU
		{6893DAEF-9F3A-4628-9928-FB4D70875FC0}.Debug|Any CPU.ActiveCfg = Debug|Any CPU
		{6893DAEF-9F3A-4628-9928-FB4D70875FC0}.Debug|Any CPU.Build.0 = Debug|Any CPU
		{6893DAEF-9F3A-4628-9928-FB4D70875FC0}.Release|Any CPU.ActiveCfg = Release|Any CPU
		{6893DAEF-9F3A-4628-9928-FB4D70875FC0}.Release|Any CPU.Build.0 = Release|Any CPU
		{1A120590-BA06-41BA-9D1F-88BFAAEC80F3}.Debug|Any CPU.ActiveCfg = Debug|Any CPU
		{1A120590-BA06-41BA-9D1F-88BFAAEC80F3}.Debug|Any CPU.Build.0 = Debug|Any CPU
		{1A120590-BA06-41BA-9D1F-88BFAAEC80F3}.Release|Any CPU.ActiveCfg = Release|Any CPU
		{1A120590-BA06-41BA-9D1F-88BFAAEC80F3}.Release|Any CPU.Build.0 = Release|Any CPU
		{285A9CB6-28A9-4885-A4CF-173514212357}.Debug|Any CPU.ActiveCfg = Debug|Any CPU
		{285A9CB6-28A9-4885-A4CF-173514212357}.Debug|Any CPU.Build.0 = Debug|Any CPU
		{285A9CB6-28A9-4885-A4CF-173514212357}.Release|Any CPU.ActiveCfg = Release|Any CPU
		{285A9CB6-28A9-4885-A4CF-173514212357}.Release|Any CPU.Build.0 = Release|Any CPU
		{D3595B6A-606D-4FBA-BCFE-4927261FF9ED}.Debug|Any CPU.ActiveCfg = Debug|Any CPU
		{D3595B6A-606D-4FBA-BCFE-4927261FF9ED}.Debug|Any CPU.Build.0 = Debug|Any CPU
		{D3595B6A-606D-4FBA-BCFE-4927261FF9ED}.Release|Any CPU.ActiveCfg = Release|Any CPU
		{D3595B6A-606D-4FBA-BCFE-4927261FF9ED}.Release|Any CPU.Build.0 = Release|Any CPU
		{A63843C2-A5DA-4D6F-A1E2-B7E2EE9863BC}.Debug|Any CPU.ActiveCfg = Debug|Any CPU
		{A63843C2-A5DA-4D6F-A1E2-B7E2EE9863BC}.Debug|Any CPU.Build.0 = Debug|Any CPU
		{A63843C2-A5DA-4D6F-A1E2-B7E2EE9863BC}.Release|Any CPU.ActiveCfg = Release|Any CPU
		{A63843C2-A5DA-4D6F-A1E2-B7E2EE9863BC}.Release|Any CPU.Build.0 = Release|Any CPU
		{7AD27031-309E-43E8-A38F-B40782953BF5}.Debug|Any CPU.ActiveCfg = Debug|Any CPU
		{7AD27031-309E-43E8-A38F-B40782953BF5}.Debug|Any CPU.Build.0 = Debug|Any CPU
		{7AD27031-309E-43E8-A38F-B40782953BF5}.Release|Any CPU.ActiveCfg = Release|Any CPU
		{7AD27031-309E-43E8-A38F-B40782953BF5}.Release|Any CPU.Build.0 = Release|Any CPU
		{5409C30F-C209-4800-88BB-ECF07AE4DBC4}.Debug|Any CPU.ActiveCfg = Debug|Any CPU
		{5409C30F-C209-4800-88BB-ECF07AE4DBC4}.Debug|Any CPU.Build.0 = Debug|Any CPU
		{5409C30F-C209-4800-88BB-ECF07AE4DBC4}.Release|Any CPU.ActiveCfg = Release|Any CPU
		{5409C30F-C209-4800-88BB-ECF07AE4DBC4}.Release|Any CPU.Build.0 = Release|Any CPU
		{04479D0D-DF9F-4B25-94C8-37751223423D}.Debug|Any CPU.ActiveCfg = Debug|Any CPU
		{04479D0D-DF9F-4B25-94C8-37751223423D}.Debug|Any CPU.Build.0 = Debug|Any CPU
		{04479D0D-DF9F-4B25-94C8-37751223423D}.Release|Any CPU.ActiveCfg = Release|Any CPU
		{04479D0D-DF9F-4B25-94C8-37751223423D}.Release|Any CPU.Build.0 = Release|Any CPU
		{55B1402A-5790-4D4E-A0FF-B8F83008D9B0}.Debug|Any CPU.ActiveCfg = Debug|Any CPU
		{55B1402A-5790-4D4E-A0FF-B8F83008D9B0}.Debug|Any CPU.Build.0 = Debug|Any CPU
		{55B1402A-5790-4D4E-A0FF-B8F83008D9B0}.Release|Any CPU.ActiveCfg = Release|Any CPU
		{55B1402A-5790-4D4E-A0FF-B8F83008D9B0}.Release|Any CPU.Build.0 = Release|Any CPU
		{6B9522BE-01CA-429A-AA2A-294BEFB5A86B}.Debug|Any CPU.ActiveCfg = Debug|Any CPU
		{6B9522BE-01CA-429A-AA2A-294BEFB5A86B}.Debug|Any CPU.Build.0 = Debug|Any CPU
		{6B9522BE-01CA-429A-AA2A-294BEFB5A86B}.Release|Any CPU.ActiveCfg = Release|Any CPU
		{6B9522BE-01CA-429A-AA2A-294BEFB5A86B}.Release|Any CPU.Build.0 = Release|Any CPU
		{BDEABBD4-EDEA-4B9E-8653-4EF84B0B84AD}.Debug|Any CPU.ActiveCfg = Debug|Any CPU
		{BDEABBD4-EDEA-4B9E-8653-4EF84B0B84AD}.Debug|Any CPU.Build.0 = Debug|Any CPU
		{BDEABBD4-EDEA-4B9E-8653-4EF84B0B84AD}.Release|Any CPU.ActiveCfg = Release|Any CPU
		{BDEABBD4-EDEA-4B9E-8653-4EF84B0B84AD}.Release|Any CPU.Build.0 = Release|Any CPU
		{8DDFDB87-FF20-47AF-968E-0C07D2B55C78}.Debug|Any CPU.ActiveCfg = Debug|Any CPU
		{8DDFDB87-FF20-47AF-968E-0C07D2B55C78}.Debug|Any CPU.Build.0 = Debug|Any CPU
		{8DDFDB87-FF20-47AF-968E-0C07D2B55C78}.Release|Any CPU.ActiveCfg = Release|Any CPU
		{8DDFDB87-FF20-47AF-968E-0C07D2B55C78}.Release|Any CPU.Build.0 = Release|Any CPU
		{2E40CAAB-25B0-4B84-8B50-C1706BFF52E3}.Debug|Any CPU.ActiveCfg = Debug|Any CPU
		{2E40CAAB-25B0-4B84-8B50-C1706BFF52E3}.Debug|Any CPU.Build.0 = Debug|Any CPU
		{2E40CAAB-25B0-4B84-8B50-C1706BFF52E3}.Release|Any CPU.ActiveCfg = Release|Any CPU
		{2E40CAAB-25B0-4B84-8B50-C1706BFF52E3}.Release|Any CPU.Build.0 = Release|Any CPU
		{7DD53599-E971-473D-A75B-5D7FCD10F03B}.Debug|Any CPU.ActiveCfg = Debug|Any CPU
		{7DD53599-E971-473D-A75B-5D7FCD10F03B}.Release|Any CPU.ActiveCfg = Release|Any CPU
		{7DD53599-E971-473D-A75B-5D7FCD10F03B}.Release|Any CPU.Build.0 = Release|Any CPU
		{7DD53599-E971-473D-A75B-5D7FCD10F03B}.Release|Any CPU.Deploy.0 = Release|Any CPU
	EndGlobalSection
	GlobalSection(SolutionProperties) = preSolution
		HideSolutionNode = FALSE
	EndGlobalSection
	GlobalSection(NestedProjects) = preSolution
		{7AD27031-309E-43E8-A38F-B40782953BF5} = {75A8F249-21B4-45A9-A158-01DB4B328497}
		{5409C30F-C209-4800-88BB-ECF07AE4DBC4} = {75A8F249-21B4-45A9-A158-01DB4B328497}
		{04479D0D-DF9F-4B25-94C8-37751223423D} = {75A8F249-21B4-45A9-A158-01DB4B328497}
		{55B1402A-5790-4D4E-A0FF-B8F83008D9B0} = {75A8F249-21B4-45A9-A158-01DB4B328497}
		{6B9522BE-01CA-429A-AA2A-294BEFB5A86B} = {C4E3F144-A5B2-4750-8666-1B92DD7F9904}
		{BDEABBD4-EDEA-4B9E-8653-4EF84B0B84AD} = {C4E3F144-A5B2-4750-8666-1B92DD7F9904}
		{8DDFDB87-FF20-47AF-968E-0C07D2B55C78} = {C4E3F144-A5B2-4750-8666-1B92DD7F9904}
		{2E40CAAB-25B0-4B84-8B50-C1706BFF52E3} = {C4E3F144-A5B2-4750-8666-1B92DD7F9904}
	EndGlobalSection
	GlobalSection(ExtensibilityGlobals) = postSolution
		SolutionGuid = {9949BA29-0740-4123-8F69-5BF0F910CA2A}
	EndGlobalSection
EndGlobal
